
Microsoft Visual Studio Solution File, Format Version 12.00
# Visual Studio 15
VisualStudioVersion = 15.0.26124.0
MinimumVisualStudioVersion = 15.0.26124.0
Project("{FAE04EC0-301F-11D3-BF4B-00C04F79EFBC}") = "Domain", "Domain\Domain.csproj", "{735682BC-427B-427E-A257-545B437D271B}"
EndProject
Project("{FAE04EC0-301F-11D3-BF4B-00C04F79EFBC}") = "Application", "Application\Application.csproj", "{5059CC50-C50D-489B-8AB0-14120F6ACF06}"
EndProject
Project("{FAE04EC0-301F-11D3-BF4B-00C04F79EFBC}") = "Persistence", "Persistence\Persistence.csproj", "{4D639E07-A79D-4557-B159-73DD7EF4B9E0}"
EndProject
Project("{FAE04EC0-301F-11D3-BF4B-00C04F79EFBC}") = "API", "API\API.csproj", "{8FDF1A17-C3C9-4F22-9050-3C0BB2D7A9E7}"
EndProject
Global
	GlobalSection(SolutionConfigurationPlatforms) = preSolution
		Debug|Any CPU = Debug|Any CPU
		Debug|x64 = Debug|x64
		Debug|x86 = Debug|x86
		Release|Any CPU = Release|Any CPU
		Release|x64 = Release|x64
		Release|x86 = Release|x86
	EndGlobalSection
	GlobalSection(SolutionProperties) = preSolution
		HideSolutionNode = FALSE
	EndGlobalSection
	GlobalSection(ProjectConfigurationPlatforms) = postSolution
		{735682BC-427B-427E-A257-545B437D271B}.Debug|Any CPU.ActiveCfg = Debug|Any CPU
		{735682BC-427B-427E-A257-545B437D271B}.Debug|Any CPU.Build.0 = Debug|Any CPU
		{735682BC-427B-427E-A257-545B437D271B}.Debug|x64.ActiveCfg = Debug|Any CPU
		{735682BC-427B-427E-A257-545B437D271B}.Debug|x64.Build.0 = Debug|Any CPU
		{735682BC-427B-427E-A257-545B437D271B}.Debug|x86.ActiveCfg = Debug|Any CPU
		{735682BC-427B-427E-A257-545B437D271B}.Debug|x86.Build.0 = Debug|Any CPU
		{735682BC-427B-427E-A257-545B437D271B}.Release|Any CPU.ActiveCfg = Release|Any CPU
		{735682BC-427B-427E-A257-545B437D271B}.Release|Any CPU.Build.0 = Release|Any CPU
		{735682BC-427B-427E-A257-545B437D271B}.Release|x64.ActiveCfg = Release|Any CPU
		{735682BC-427B-427E-A257-545B437D271B}.Release|x64.Build.0 = Release|Any CPU
		{735682BC-427B-427E-A257-545B437D271B}.Release|x86.ActiveCfg = Release|Any CPU
		{735682BC-427B-427E-A257-545B437D271B}.Release|x86.Build.0 = Release|Any CPU
		{5059CC50-C50D-489B-8AB0-14120F6ACF06}.Debug|Any CPU.ActiveCfg = Debug|Any CPU
		{5059CC50-C50D-489B-8AB0-14120F6ACF06}.Debug|Any CPU.Build.0 = Debug|Any CPU
		{5059CC50-C50D-489B-8AB0-14120F6ACF06}.Debug|x64.ActiveCfg = Debug|Any CPU
		{5059CC50-C50D-489B-8AB0-14120F6ACF06}.Debug|x64.Build.0 = Debug|Any CPU
		{5059CC50-C50D-489B-8AB0-14120F6ACF06}.Debug|x86.ActiveCfg = Debug|Any CPU
		{5059CC50-C50D-489B-8AB0-14120F6ACF06}.Debug|x86.Build.0 = Debug|Any CPU
		{5059CC50-C50D-489B-8AB0-14120F6ACF06}.Release|Any CPU.ActiveCfg = Release|Any CPU
		{5059CC50-C50D-489B-8AB0-14120F6ACF06}.Release|Any CPU.Build.0 = Release|Any CPU
		{5059CC50-C50D-489B-8AB0-14120F6ACF06}.Release|x64.ActiveCfg = Release|Any CPU
		{5059CC50-C50D-489B-8AB0-14120F6ACF06}.Release|x64.Build.0 = Release|Any CPU
		{5059CC50-C50D-489B-8AB0-14120F6ACF06}.Release|x86.ActiveCfg = Release|Any CPU
		{5059CC50-C50D-489B-8AB0-14120F6ACF06}.Release|x86.Build.0 = Release|Any CPU
		{4D639E07-A79D-4557-B159-73DD7EF4B9E0}.Debug|Any CPU.ActiveCfg = Debug|Any CPU
		{4D639E07-A79D-4557-B159-73DD7EF4B9E0}.Debug|Any CPU.Build.0 = Debug|Any CPU
		{4D639E07-A79D-4557-B159-73DD7EF4B9E0}.Debug|x64.ActiveCfg = Debug|Any CPU
		{4D639E07-A79D-4557-B159-73DD7EF4B9E0}.Debug|x64.Build.0 = Debug|Any CPU
		{4D639E07-A79D-4557-B159-73DD7EF4B9E0}.Debug|x86.ActiveCfg = Debug|Any CPU
		{4D639E07-A79D-4557-B159-73DD7EF4B9E0}.Debug|x86.Build.0 = Debug|Any CPU
		{4D639E07-A79D-4557-B159-73DD7EF4B9E0}.Release|Any CPU.ActiveCfg = Release|Any CPU
		{4D639E07-A79D-4557-B159-73DD7EF4B9E0}.Release|Any CPU.Build.0 = Release|Any CPU
		{4D639E07-A79D-4557-B159-73DD7EF4B9E0}.Release|x64.ActiveCfg = Release|Any CPU
		{4D639E07-A79D-4557-B159-73DD7EF4B9E0}.Release|x64.Build.0 = Release|Any CPU
		{4D639E07-A79D-4557-B159-73DD7EF4B9E0}.Release|x86.ActiveCfg = Release|Any CPU
		{4D639E07-A79D-4557-B159-73DD7EF4B9E0}.Release|x86.Build.0 = Release|Any CPU
		{8FDF1A17-C3C9-4F22-9050-3C0BB2D7A9E7}.Debug|Any CPU.ActiveCfg = Debug|Any CPU
		{8FDF1A17-C3C9-4F22-9050-3C0BB2D7A9E7}.Debug|Any CPU.Build.0 = Debug|Any CPU
		{8FDF1A17-C3C9-4F22-9050-3C0BB2D7A9E7}.Debug|x64.ActiveCfg = Debug|Any CPU
		{8FDF1A17-C3C9-4F22-9050-3C0BB2D7A9E7}.Debug|x64.Build.0 = Debug|Any CPU
		{8FDF1A17-C3C9-4F22-9050-3C0BB2D7A9E7}.Debug|x86.ActiveCfg = Debug|Any CPU
		{8FDF1A17-C3C9-4F22-9050-3C0BB2D7A9E7}.Debug|x86.Build.0 = Debug|Any CPU
		{8FDF1A17-C3C9-4F22-9050-3C0BB2D7A9E7}.Release|Any CPU.ActiveCfg = Release|Any CPU
		{8FDF1A17-C3C9-4F22-9050-3C0BB2D7A9E7}.Release|Any CPU.Build.0 = Release|Any CPU
		{8FDF1A17-C3C9-4F22-9050-3C0BB2D7A9E7}.Release|x64.ActiveCfg = Release|Any CPU
		{8FDF1A17-C3C9-4F22-9050-3C0BB2D7A9E7}.Release|x64.Build.0 = Release|Any CPU
		{8FDF1A17-C3C9-4F22-9050-3C0BB2D7A9E7}.Release|x86.ActiveCfg = Release|Any CPU
		{8FDF1A17-C3C9-4F22-9050-3C0BB2D7A9E7}.Release|x86.Build.0 = Release|Any CPU
	EndGlobalSection
EndGlobal
